// !$*UTF8*$!
{
	archiveVersion = 1;
	classes = {
	};
	objectVersion = 46;
	objects = {

/* Begin PBXBuildFile section */
		04300B67187C520E00499DC9 /* Foundation.framework in Frameworks */ = {isa = PBXBuildFile; fileRef = 04300B66187C520E00499DC9 /* Foundation.framework */; };
		04300B69187C520E00499DC9 /* CoreGraphics.framework in Frameworks */ = {isa = PBXBuildFile; fileRef = 04300B68187C520E00499DC9 /* CoreGraphics.framework */; };
		04300B6B187C520E00499DC9 /* UIKit.framework in Frameworks */ = {isa = PBXBuildFile; fileRef = 04300B6A187C520E00499DC9 /* UIKit.framework */; };
		04300B71187C520E00499DC9 /* InfoPlist.strings in Resources */ = {isa = PBXBuildFile; fileRef = 04300B6F187C520E00499DC9 /* InfoPlist.strings */; };
		04300B73187C520E00499DC9 /* main.m in Sources */ = {isa = PBXBuildFile; fileRef = 04300B72187C520E00499DC9 /* main.m */; };
		04300B77187C520E00499DC9 /* TKAppDelegate.m in Sources */ = {isa = PBXBuildFile; fileRef = 04300B76187C520E00499DC9 /* TKAppDelegate.m */; };
		04300B80187C520E00499DC9 /* TKViewController.m in Sources */ = {isa = PBXBuildFile; fileRef = 04300B7F187C520E00499DC9 /* TKViewController.m */; };
		04300B82187C520E00499DC9 /* Images.xcassets in Resources */ = {isa = PBXBuildFile; fileRef = 04300B81187C520E00499DC9 /* Images.xcassets */; };
		04300B89187C520F00499DC9 /* XCTest.framework in Frameworks */ = {isa = PBXBuildFile; fileRef = 04300B88187C520E00499DC9 /* XCTest.framework */; };
		04300B8A187C520F00499DC9 /* Foundation.framework in Frameworks */ = {isa = PBXBuildFile; fileRef = 04300B66187C520E00499DC9 /* Foundation.framework */; };
		04300B8B187C520F00499DC9 /* UIKit.framework in Frameworks */ = {isa = PBXBuildFile; fileRef = 04300B6A187C520E00499DC9 /* UIKit.framework */; };
		04300B93187C520F00499DC9 /* InfoPlist.strings in Resources */ = {isa = PBXBuildFile; fileRef = 04300B91187C520F00499DC9 /* InfoPlist.strings */; };
		04300B95187C520F00499DC9 /* PaczkomatyTests.m in Sources */ = {isa = PBXBuildFile; fileRef = 04300B94187C520F00499DC9 /* PaczkomatyTests.m */; };
		04300BA0187C57A600499DC9 /* TKParcelLocker.m in Sources */ = {isa = PBXBuildFile; fileRef = 04300B9F187C57A600499DC9 /* TKParcelLocker.m */; };
		04300BA2187C586500499DC9 /* MapKit.framework in Frameworks */ = {isa = PBXBuildFile; fileRef = 04300BA1187C586500499DC9 /* MapKit.framework */; };
		04300BA4187C586C00499DC9 /* libsqlite3.dylib in Frameworks */ = {isa = PBXBuildFile; fileRef = 04300BA3187C586C00499DC9 /* libsqlite3.dylib */; };
		046CFCE2188FECF6009B2208 /* TKNetworkController.m in Sources */ = {isa = PBXBuildFile; fileRef = 046CFCE1188FECF6009B2208 /* TKNetworkController.m */; };
		046CFCE8188FF9B9009B2208 /* arrow_io6.png in Resources */ = {isa = PBXBuildFile; fileRef = 046CFCE6188FF9B9009B2208 /* arrow_io6.png */; };
		046CFCE9188FF9B9009B2208 /* arrow_io6@2x.png in Resources */ = {isa = PBXBuildFile; fileRef = 046CFCE7188FF9B9009B2208 /* arrow_io6@2x.png */; };
		046CFCEC188FFB6F009B2208 /* location_ios7.png in Resources */ = {isa = PBXBuildFile; fileRef = 046CFCEA188FFB6F009B2208 /* location_ios7.png */; };
		046CFCED188FFB6F009B2208 /* location_ios7@2x.png in Resources */ = {isa = PBXBuildFile; fileRef = 046CFCEB188FFB6F009B2208 /* location_ios7@2x.png */; };
		046CFCF0188FFC2F009B2208 /* location_ios6.png in Resources */ = {isa = PBXBuildFile; fileRef = 046CFCEE188FFC2F009B2208 /* location_ios6.png */; };
		046CFCF1188FFC2F009B2208 /* location_ios6@2x.png in Resources */ = {isa = PBXBuildFile; fileRef = 046CFCEF188FFC2F009B2208 /* location_ios6@2x.png */; };
		046CFCF61890002A009B2208 /* list_ios7.png in Resources */ = {isa = PBXBuildFile; fileRef = 046CFCF21890002A009B2208 /* list_ios7.png */; };
		046CFCF71890002A009B2208 /* list_ios7@2x.png in Resources */ = {isa = PBXBuildFile; fileRef = 046CFCF31890002A009B2208 /* list_ios7@2x.png */; };
		046CFCF81890002A009B2208 /* list_ios6.png in Resources */ = {isa = PBXBuildFile; fileRef = 046CFCF41890002A009B2208 /* list_ios6.png */; };
		046CFCF91890002A009B2208 /* list_ios6@2x.png in Resources */ = {isa = PBXBuildFile; fileRef = 046CFCF51890002A009B2208 /* list_ios6@2x.png */; };
		046CFCFC18900229009B2208 /* TKParcelViewContoller.m in Sources */ = {isa = PBXBuildFile; fileRef = 046CFCFB18900229009B2208 /* TKParcelViewContoller.m */; };
		04D63A9C187D615E0030166E /* TKMapViewController.m in Sources */ = {isa = PBXBuildFile; fileRef = 04D63A9B187D615E0030166E /* TKMapViewController.m */; };
		04D63A9F187D63B60030166E /* PGSQLController.m in Sources */ = {isa = PBXBuildFile; fileRef = 04D63A9E187D63B60030166E /* PGSQLController.m */; };
		04FC3352187DAE23009908B4 /* arrow_io7.png in Resources */ = {isa = PBXBuildFile; fileRef = 04FC3350187DAE23009908B4 /* arrow_io7.png */; };
		04FC3353187DAE23009908B4 /* arrow_io7@2x.png in Resources */ = {isa = PBXBuildFile; fileRef = 04FC3351187DAE23009908B4 /* arrow_io7@2x.png */; };
		09993E06F753473BB4146D5E /* libPods.a in Frameworks */ = {isa = PBXBuildFile; fileRef = 9606C99E49D24398A2C28CDE /* libPods.a */; };
/* End PBXBuildFile section */

/* Begin PBXContainerItemProxy section */
		04300B8C187C520F00499DC9 /* PBXContainerItemProxy */ = {
			isa = PBXContainerItemProxy;
			containerPortal = 04300B5B187C520E00499DC9 /* Project object */;
			proxyType = 1;
			remoteGlobalIDString = 04300B62187C520E00499DC9;
			remoteInfo = Paczkomaty;
		};
/* End PBXContainerItemProxy section */

/* Begin PBXFileReference section */
		04300B63187C520E00499DC9 /* Paczkomaty.app */ = {isa = PBXFileReference; explicitFileType = wrapper.application; includeInIndex = 0; path = Paczkomaty.app; sourceTree = BUILT_PRODUCTS_DIR; };
		04300B66187C520E00499DC9 /* Foundation.framework */ = {isa = PBXFileReference; lastKnownFileType = wrapper.framework; name = Foundation.framework; path = System/Library/Frameworks/Foundation.framework; sourceTree = SDKROOT; };
		04300B68187C520E00499DC9 /* CoreGraphics.framework */ = {isa = PBXFileReference; lastKnownFileType = wrapper.framework; name = CoreGraphics.framework; path = System/Library/Frameworks/CoreGraphics.framework; sourceTree = SDKROOT; };
		04300B6A187C520E00499DC9 /* UIKit.framework */ = {isa = PBXFileReference; lastKnownFileType = wrapper.framework; name = UIKit.framework; path = System/Library/Frameworks/UIKit.framework; sourceTree = SDKROOT; };
		04300B6E187C520E00499DC9 /* Paczkomaty-Info.plist */ = {isa = PBXFileReference; lastKnownFileType = text.plist.xml; path = "Paczkomaty-Info.plist"; sourceTree = "<group>"; };
		04300B70187C520E00499DC9 /* en */ = {isa = PBXFileReference; lastKnownFileType = text.plist.strings; name = en; path = en.lproj/InfoPlist.strings; sourceTree = "<group>"; };
		04300B72187C520E00499DC9 /* main.m */ = {isa = PBXFileReference; lastKnownFileType = sourcecode.c.objc; path = main.m; sourceTree = "<group>"; };
		04300B74187C520E00499DC9 /* Paczkomaty-Prefix.pch */ = {isa = PBXFileReference; lastKnownFileType = sourcecode.c.h; path = "Paczkomaty-Prefix.pch"; sourceTree = "<group>"; };
		04300B75187C520E00499DC9 /* TKAppDelegate.h */ = {isa = PBXFileReference; lastKnownFileType = sourcecode.c.h; path = TKAppDelegate.h; sourceTree = "<group>"; };
		04300B76187C520E00499DC9 /* TKAppDelegate.m */ = {isa = PBXFileReference; lastKnownFileType = sourcecode.c.objc; path = TKAppDelegate.m; sourceTree = "<group>"; };
		04300B7E187C520E00499DC9 /* TKViewController.h */ = {isa = PBXFileReference; lastKnownFileType = sourcecode.c.h; path = TKViewController.h; sourceTree = "<group>"; };
		04300B7F187C520E00499DC9 /* TKViewController.m */ = {isa = PBXFileReference; lastKnownFileType = sourcecode.c.objc; path = TKViewController.m; sourceTree = "<group>"; };
		04300B81187C520E00499DC9 /* Images.xcassets */ = {isa = PBXFileReference; lastKnownFileType = folder.assetcatalog; path = Images.xcassets; sourceTree = "<group>"; };
		04300B87187C520E00499DC9 /* PaczkomatyTests.xctest */ = {isa = PBXFileReference; explicitFileType = wrapper.cfbundle; includeInIndex = 0; path = PaczkomatyTests.xctest; sourceTree = BUILT_PRODUCTS_DIR; };
		04300B88187C520E00499DC9 /* XCTest.framework */ = {isa = PBXFileReference; lastKnownFileType = wrapper.framework; name = XCTest.framework; path = Library/Frameworks/XCTest.framework; sourceTree = DEVELOPER_DIR; };
		04300B90187C520F00499DC9 /* PaczkomatyTests-Info.plist */ = {isa = PBXFileReference; lastKnownFileType = text.plist.xml; path = "PaczkomatyTests-Info.plist"; sourceTree = "<group>"; };
		04300B92187C520F00499DC9 /* en */ = {isa = PBXFileReference; lastKnownFileType = text.plist.strings; name = en; path = en.lproj/InfoPlist.strings; sourceTree = "<group>"; };
		04300B94187C520F00499DC9 /* PaczkomatyTests.m */ = {isa = PBXFileReference; lastKnownFileType = sourcecode.c.objc; path = PaczkomatyTests.m; sourceTree = "<group>"; };
		04300B9E187C57A600499DC9 /* TKParcelLocker.h */ = {isa = PBXFileReference; fileEncoding = 4; lastKnownFileType = sourcecode.c.h; path = TKParcelLocker.h; sourceTree = "<group>"; };
		04300B9F187C57A600499DC9 /* TKParcelLocker.m */ = {isa = PBXFileReference; fileEncoding = 4; lastKnownFileType = sourcecode.c.objc; path = TKParcelLocker.m; sourceTree = "<group>"; };
		04300BA1187C586500499DC9 /* MapKit.framework */ = {isa = PBXFileReference; lastKnownFileType = wrapper.framework; name = MapKit.framework; path = System/Library/Frameworks/MapKit.framework; sourceTree = SDKROOT; };
		04300BA3187C586C00499DC9 /* libsqlite3.dylib */ = {isa = PBXFileReference; lastKnownFileType = "compiled.mach-o.dylib"; name = libsqlite3.dylib; path = usr/lib/libsqlite3.dylib; sourceTree = SDKROOT; };
		046CFCE0188FECF6009B2208 /* TKNetworkController.h */ = {isa = PBXFileReference; fileEncoding = 4; lastKnownFileType = sourcecode.c.h; path = TKNetworkController.h; sourceTree = "<group>"; };
		046CFCE1188FECF6009B2208 /* TKNetworkController.m */ = {isa = PBXFileReference; fileEncoding = 4; lastKnownFileType = sourcecode.c.objc; path = TKNetworkController.m; sourceTree = "<group>"; };
		046CFCE6188FF9B9009B2208 /* arrow_io6.png */ = {isa = PBXFileReference; lastKnownFileType = image.png; path = arrow_io6.png; sourceTree = "<group>"; };
		046CFCE7188FF9B9009B2208 /* arrow_io6@2x.png */ = {isa = PBXFileReference; lastKnownFileType = image.png; path = "arrow_io6@2x.png"; sourceTree = "<group>"; };
		046CFCEA188FFB6F009B2208 /* location_ios7.png */ = {isa = PBXFileReference; lastKnownFileType = image.png; path = location_ios7.png; sourceTree = "<group>"; };
		046CFCEB188FFB6F009B2208 /* location_ios7@2x.png */ = {isa = PBXFileReference; lastKnownFileType = image.png; path = "location_ios7@2x.png"; sourceTree = "<group>"; };
		046CFCEE188FFC2F009B2208 /* location_ios6.png */ = {isa = PBXFileReference; lastKnownFileType = image.png; path = location_ios6.png; sourceTree = "<group>"; };
		046CFCEF188FFC2F009B2208 /* location_ios6@2x.png */ = {isa = PBXFileReference; lastKnownFileType = image.png; path = "location_ios6@2x.png"; sourceTree = "<group>"; };
		046CFCF21890002A009B2208 /* list_ios7.png */ = {isa = PBXFileReference; lastKnownFileType = image.png; path = list_ios7.png; sourceTree = "<group>"; };
		046CFCF31890002A009B2208 /* list_ios7@2x.png */ = {isa = PBXFileReference; lastKnownFileType = image.png; path = "list_ios7@2x.png"; sourceTree = "<group>"; };
		046CFCF41890002A009B2208 /* list_ios6.png */ = {isa = PBXFileReference; lastKnownFileType = image.png; path = list_ios6.png; sourceTree = "<group>"; };
		046CFCF51890002A009B2208 /* list_ios6@2x.png */ = {isa = PBXFileReference; lastKnownFileType = image.png; path = "list_ios6@2x.png"; sourceTree = "<group>"; };
		046CFCFA18900229009B2208 /* TKParcelViewContoller.h */ = {isa = PBXFileReference; fileEncoding = 4; lastKnownFileType = sourcecode.c.h; path = TKParcelViewContoller.h; sourceTree = "<group>"; };
		046CFCFB18900229009B2208 /* TKParcelViewContoller.m */ = {isa = PBXFileReference; fileEncoding = 4; lastKnownFileType = sourcecode.c.objc; path = TKParcelViewContoller.m; sourceTree = "<group>"; };
		04D63A9A187D615E0030166E /* TKMapViewController.h */ = {isa = PBXFileReference; fileEncoding = 4; lastKnownFileType = sourcecode.c.h; path = TKMapViewController.h; sourceTree = "<group>"; };
		04D63A9B187D615E0030166E /* TKMapViewController.m */ = {isa = PBXFileReference; fileEncoding = 4; lastKnownFileType = sourcecode.c.objc; path = TKMapViewController.m; sourceTree = "<group>"; };
		04D63A9D187D63B60030166E /* PGSQLController.h */ = {isa = PBXFileReference; fileEncoding = 4; lastKnownFileType = sourcecode.c.h; path = PGSQLController.h; sourceTree = "<group>"; };
		04D63A9E187D63B60030166E /* PGSQLController.m */ = {isa = PBXFileReference; fileEncoding = 4; lastKnownFileType = sourcecode.c.objc; path = PGSQLController.m; sourceTree = "<group>"; };
		04FC3350187DAE23009908B4 /* arrow_io7.png */ = {isa = PBXFileReference; lastKnownFileType = image.png; path = arrow_io7.png; sourceTree = "<group>"; };
		04FC3351187DAE23009908B4 /* arrow_io7@2x.png */ = {isa = PBXFileReference; lastKnownFileType = image.png; path = "arrow_io7@2x.png"; sourceTree = "<group>"; };
		9606C99E49D24398A2C28CDE /* libPods.a */ = {isa = PBXFileReference; explicitFileType = archive.ar; includeInIndex = 0; path = libPods.a; sourceTree = BUILT_PRODUCTS_DIR; };
		BE6B40AC7DB44AF6B6379E36 /* Pods.xcconfig */ = {isa = PBXFileReference; includeInIndex = 1; lastKnownFileType = text.xcconfig; name = Pods.xcconfig; path = Pods/Pods.xcconfig; sourceTree = "<group>"; };
/* End PBXFileReference section */

/* Begin PBXFrameworksBuildPhase section */
		04300B60187C520E00499DC9 /* Frameworks */ = {
			isa = PBXFrameworksBuildPhase;
			buildActionMask = 2147483647;
			files = (
				04300BA4187C586C00499DC9 /* libsqlite3.dylib in Frameworks */,
				04300BA2187C586500499DC9 /* MapKit.framework in Frameworks */,
				04300B69187C520E00499DC9 /* CoreGraphics.framework in Frameworks */,
				04300B6B187C520E00499DC9 /* UIKit.framework in Frameworks */,
				04300B67187C520E00499DC9 /* Foundation.framework in Frameworks */,
				09993E06F753473BB4146D5E /* libPods.a in Frameworks */,
			);
			runOnlyForDeploymentPostprocessing = 0;
		};
		04300B84187C520E00499DC9 /* Frameworks */ = {
			isa = PBXFrameworksBuildPhase;
			buildActionMask = 2147483647;
			files = (
				04300B89187C520F00499DC9 /* XCTest.framework in Frameworks */,
				04300B8B187C520F00499DC9 /* UIKit.framework in Frameworks */,
				04300B8A187C520F00499DC9 /* Foundation.framework in Frameworks */,
			);
			runOnlyForDeploymentPostprocessing = 0;
		};
/* End PBXFrameworksBuildPhase section */

/* Begin PBXGroup section */
		04300B5A187C520E00499DC9 = {
			isa = PBXGroup;
			children = (
				04300B6C187C520E00499DC9 /* Paczkomaty */,
				04300B8E187C520F00499DC9 /* PaczkomatyTests */,
				04300B65187C520E00499DC9 /* Frameworks */,
				04300B64187C520E00499DC9 /* Products */,
				BE6B40AC7DB44AF6B6379E36 /* Pods.xcconfig */,
			);
			sourceTree = "<group>";
		};
		04300B64187C520E00499DC9 /* Products */ = {
			isa = PBXGroup;
			children = (
				04300B63187C520E00499DC9 /* Paczkomaty.app */,
				04300B87187C520E00499DC9 /* PaczkomatyTests.xctest */,
			);
			name = Products;
			sourceTree = "<group>";
		};
		04300B65187C520E00499DC9 /* Frameworks */ = {
			isa = PBXGroup;
			children = (
				04300BA3187C586C00499DC9 /* libsqlite3.dylib */,
				04300BA1187C586500499DC9 /* MapKit.framework */,
				04300B66187C520E00499DC9 /* Foundation.framework */,
				04300B68187C520E00499DC9 /* CoreGraphics.framework */,
				04300B6A187C520E00499DC9 /* UIKit.framework */,
				04300B88187C520E00499DC9 /* XCTest.framework */,
				9606C99E49D24398A2C28CDE /* libPods.a */,
			);
			name = Frameworks;
			sourceTree = "<group>";
		};
		04300B6C187C520E00499DC9 /* Paczkomaty */ = {
			isa = PBXGroup;
			children = (
				046CFCE5188FF845009B2208 /* Assets */,
				04300B75187C520E00499DC9 /* TKAppDelegate.h */,
				04300B76187C520E00499DC9 /* TKAppDelegate.m */,
				046CFCE4188FF734009B2208 /* View Controller */,
				046CFCE3188FF726009B2208 /* Data Base */,
				04300BA6187C5B3700499DC9 /* Network */,
				04300BA5187C5B2E00499DC9 /* Model */,
				04300B81187C520E00499DC9 /* Images.xcassets */,
				04300B6D187C520E00499DC9 /* Supporting Files */,
			);
			path = Paczkomaty;
			sourceTree = "<group>";
		};
		04300B6D187C520E00499DC9 /* Supporting Files */ = {
			isa = PBXGroup;
			children = (
				04300B6E187C520E00499DC9 /* Paczkomaty-Info.plist */,
				04300B6F187C520E00499DC9 /* InfoPlist.strings */,
				04300B72187C520E00499DC9 /* main.m */,
				04300B74187C520E00499DC9 /* Paczkomaty-Prefix.pch */,
			);
			name = "Supporting Files";
			sourceTree = "<group>";
		};
		04300B8E187C520F00499DC9 /* PaczkomatyTests */ = {
			isa = PBXGroup;
			children = (
				04300B94187C520F00499DC9 /* PaczkomatyTests.m */,
				04300B8F187C520F00499DC9 /* Supporting Files */,
			);
			path = PaczkomatyTests;
			sourceTree = "<group>";
		};
		04300B8F187C520F00499DC9 /* Supporting Files */ = {
			isa = PBXGroup;
			children = (
				04300B90187C520F00499DC9 /* PaczkomatyTests-Info.plist */,
				04300B91187C520F00499DC9 /* InfoPlist.strings */,
			);
			name = "Supporting Files";
			sourceTree = "<group>";
		};
		04300BA5187C5B2E00499DC9 /* Model */ = {
			isa = PBXGroup;
			children = (
				04300B9E187C57A600499DC9 /* TKParcelLocker.h */,
				04300B9F187C57A600499DC9 /* TKParcelLocker.m */,
			);
			name = Model;
			sourceTree = "<group>";
		};
		04300BA6187C5B3700499DC9 /* Network */ = {
			isa = PBXGroup;
			children = (
				046CFCE0188FECF6009B2208 /* TKNetworkController.h */,
				046CFCE1188FECF6009B2208 /* TKNetworkController.m */,
			);
			name = Network;
			sourceTree = "<group>";
		};
		046CFCE3188FF726009B2208 /* Data Base */ = {
			isa = PBXGroup;
			children = (
				04D63A9D187D63B60030166E /* PGSQLController.h */,
				04D63A9E187D63B60030166E /* PGSQLController.m */,
			);
			name = "Data Base";
			sourceTree = "<group>";
		};
		046CFCE4188FF734009B2208 /* View Controller */ = {
			isa = PBXGroup;
			children = (
				04300B7E187C520E00499DC9 /* TKViewController.h */,
				04300B7F187C520E00499DC9 /* TKViewController.m */,
				04D63A9A187D615E0030166E /* TKMapViewController.h */,
				04D63A9B187D615E0030166E /* TKMapViewController.m */,
				046CFCFA18900229009B2208 /* TKParcelViewContoller.h */,
				046CFCFB18900229009B2208 /* TKParcelViewContoller.m */,
			);
			name = "View Controller";
			sourceTree = "<group>";
		};
		046CFCE5188FF845009B2208 /* Assets */ = {
			isa = PBXGroup;
			children = (
				04FC3350187DAE23009908B4 /* arrow_io7.png */,
				04FC3351187DAE23009908B4 /* arrow_io7@2x.png */,
				046CFCE6188FF9B9009B2208 /* arrow_io6.png */,
				046CFCE7188FF9B9009B2208 /* arrow_io6@2x.png */,
				046CFCEA188FFB6F009B2208 /* location_ios7.png */,
				046CFCEB188FFB6F009B2208 /* location_ios7@2x.png */,
				046CFCEE188FFC2F009B2208 /* location_ios6.png */,
				046CFCEF188FFC2F009B2208 /* location_ios6@2x.png */,
				046CFCF21890002A009B2208 /* list_ios7.png */,
				046CFCF31890002A009B2208 /* list_ios7@2x.png */,
				046CFCF41890002A009B2208 /* list_ios6.png */,
				046CFCF51890002A009B2208 /* list_ios6@2x.png */,
			);
			name = Assets;
			sourceTree = "<group>";
		};
/* End PBXGroup section */

/* Begin PBXNativeTarget section */
		04300B62187C520E00499DC9 /* Paczkomaty */ = {
			isa = PBXNativeTarget;
			buildConfigurationList = 04300B98187C520F00499DC9 /* Build configuration list for PBXNativeTarget "Paczkomaty" */;
			buildPhases = (
				E3ADED189BB8484CAC6B1AD4 /* Check Pods Manifest.lock */,
				04300B5F187C520E00499DC9 /* Sources */,
				04300B60187C520E00499DC9 /* Frameworks */,
				04300B61187C520E00499DC9 /* Resources */,
				8816D7B610E94BC4AE7B044A /* Copy Pods Resources */,
			);
			buildRules = (
			);
			dependencies = (
			);
			name = Paczkomaty;
			productName = Paczkomaty;
			productReference = 04300B63187C520E00499DC9 /* Paczkomaty.app */;
			productType = "com.apple.product-type.application";
		};
		04300B86187C520E00499DC9 /* PaczkomatyTests */ = {
			isa = PBXNativeTarget;
			buildConfigurationList = 04300B9B187C520F00499DC9 /* Build configuration list for PBXNativeTarget "PaczkomatyTests" */;
			buildPhases = (
				04300B83187C520E00499DC9 /* Sources */,
				04300B84187C520E00499DC9 /* Frameworks */,
				04300B85187C520E00499DC9 /* Resources */,
			);
			buildRules = (
			);
			dependencies = (
				04300B8D187C520F00499DC9 /* PBXTargetDependency */,
			);
			name = PaczkomatyTests;
			productName = PaczkomatyTests;
			productReference = 04300B87187C520E00499DC9 /* PaczkomatyTests.xctest */;
			productType = "com.apple.product-type.bundle.unit-test";
		};
/* End PBXNativeTarget section */

/* Begin PBXProject section */
		04300B5B187C520E00499DC9 /* Project object */ = {
			isa = PBXProject;
			attributes = {
				CLASSPREFIX = TK;
				LastUpgradeCheck = 0510;
				ORGANIZATIONNAME = mapedd;
				TargetAttributes = {
					04300B86187C520E00499DC9 = {
						TestTargetID = 04300B62187C520E00499DC9;
					};
				};
			};
			buildConfigurationList = 04300B5E187C520E00499DC9 /* Build configuration list for PBXProject "Paczkomaty" */;
			compatibilityVersion = "Xcode 3.2";
			developmentRegion = English;
			hasScannedForEncodings = 0;
			knownRegions = (
				en,
				Base,
			);
			mainGroup = 04300B5A187C520E00499DC9;
			productRefGroup = 04300B64187C520E00499DC9 /* Products */;
			projectDirPath = "";
			projectRoot = "";
			targets = (
				04300B62187C520E00499DC9 /* Paczkomaty */,
				04300B86187C520E00499DC9 /* PaczkomatyTests */,
			);
		};
/* End PBXProject section */

/* Begin PBXResourcesBuildPhase section */
		04300B61187C520E00499DC9 /* Resources */ = {
			isa = PBXResourcesBuildPhase;
			buildActionMask = 2147483647;
			files = (
				04300B82187C520E00499DC9 /* Images.xcassets in Resources */,
				046CFCF91890002A009B2208 /* list_ios6@2x.png in Resources */,
				046CFCF61890002A009B2208 /* list_ios7.png in Resources */,
				046CFCE8188FF9B9009B2208 /* arrow_io6.png in Resources */,
				046CFCF1188FFC2F009B2208 /* location_ios6@2x.png in Resources */,
				04FC3352187DAE23009908B4 /* arrow_io7.png in Resources */,
				046CFCF0188FFC2F009B2208 /* location_ios6.png in Resources */,
				046CFCF81890002A009B2208 /* list_ios6.png in Resources */,
				046CFCF71890002A009B2208 /* list_ios7@2x.png in Resources */,
				046CFCED188FFB6F009B2208 /* location_ios7@2x.png in Resources */,
				04FC3353187DAE23009908B4 /* arrow_io7@2x.png in Resources */,
				04300B71187C520E00499DC9 /* InfoPlist.strings in Resources */,
				046CFCEC188FFB6F009B2208 /* location_ios7.png in Resources */,
				046CFCE9188FF9B9009B2208 /* arrow_io6@2x.png in Resources */,
			);
			runOnlyForDeploymentPostprocessing = 0;
		};
		04300B85187C520E00499DC9 /* Resources */ = {
			isa = PBXResourcesBuildPhase;
			buildActionMask = 2147483647;
			files = (
				04300B93187C520F00499DC9 /* InfoPlist.strings in Resources */,
			);
			runOnlyForDeploymentPostprocessing = 0;
		};
/* End PBXResourcesBuildPhase section */

/* Begin PBXShellScriptBuildPhase section */
		8816D7B610E94BC4AE7B044A /* Copy Pods Resources */ = {
			isa = PBXShellScriptBuildPhase;
			buildActionMask = 2147483647;
			files = (
			);
			inputPaths = (
			);
			name = "Copy Pods Resources";
			outputPaths = (
			);
			runOnlyForDeploymentPostprocessing = 0;
			shellPath = /bin/sh;
			shellScript = "\"${SRCROOT}/Pods/Pods-resources.sh\"\n";
			showEnvVarsInLog = 0;
		};
		E3ADED189BB8484CAC6B1AD4 /* Check Pods Manifest.lock */ = {
			isa = PBXShellScriptBuildPhase;
			buildActionMask = 2147483647;
			files = (
			);
			inputPaths = (
			);
			name = "Check Pods Manifest.lock";
			outputPaths = (
			);
			runOnlyForDeploymentPostprocessing = 0;
			shellPath = /bin/sh;
			shellScript = "diff \"${PODS_ROOT}/../Podfile.lock\" \"${PODS_ROOT}/Manifest.lock\" > /dev/null\nif [[ $? != 0 ]] ; then\n    cat << EOM\nerror: The sandbox is not in sync with the Podfile.lock. Run 'pod install' or update your CocoaPods installation.\nEOM\n    exit 1\nfi\n";
			showEnvVarsInLog = 0;
		};
/* End PBXShellScriptBuildPhase section */

/* Begin PBXSourcesBuildPhase section */
		04300B5F187C520E00499DC9 /* Sources */ = {
			isa = PBXSourcesBuildPhase;
			buildActionMask = 2147483647;
			files = (
				04D63A9C187D615E0030166E /* TKMapViewController.m in Sources */,
				04300B80187C520E00499DC9 /* TKViewController.m in Sources */,
				04300BA0187C57A600499DC9 /* TKParcelLocker.m in Sources */,
				046CFCE2188FECF6009B2208 /* TKNetworkController.m in Sources */,
				04D63A9F187D63B60030166E /* PGSQLController.m in Sources */,
				046CFCFC18900229009B2208 /* TKParcelViewContoller.m in Sources */,
				04300B73187C520E00499DC9 /* main.m in Sources */,
				04300B77187C520E00499DC9 /* TKAppDelegate.m in Sources */,
			);
			runOnlyForDeploymentPostprocessing = 0;
		};
		04300B83187C520E00499DC9 /* Sources */ = {
			isa = PBXSourcesBuildPhase;
			buildActionMask = 2147483647;
			files = (
				04300B95187C520F00499DC9 /* PaczkomatyTests.m in Sources */,
			);
			runOnlyForDeploymentPostprocessing = 0;
		};
/* End PBXSourcesBuildPhase section */

/* Begin PBXTargetDependency section */
		04300B8D187C520F00499DC9 /* PBXTargetDependency */ = {
			isa = PBXTargetDependency;
			target = 04300B62187C520E00499DC9 /* Paczkomaty */;
			targetProxy = 04300B8C187C520F00499DC9 /* PBXContainerItemProxy */;
		};
/* End PBXTargetDependency section */

/* Begin PBXVariantGroup section */
		04300B6F187C520E00499DC9 /* InfoPlist.strings */ = {
			isa = PBXVariantGroup;
			children = (
				04300B70187C520E00499DC9 /* en */,
			);
			name = InfoPlist.strings;
			sourceTree = "<group>";
		};
		04300B91187C520F00499DC9 /* InfoPlist.strings */ = {
			isa = PBXVariantGroup;
			children = (
				04300B92187C520F00499DC9 /* en */,
			);
			name = InfoPlist.strings;
			sourceTree = "<group>";
		};
/* End PBXVariantGroup section */

/* Begin XCBuildConfiguration section */
		04300B96187C520F00499DC9 /* Debug */ = {
			isa = XCBuildConfiguration;
			buildSettings = {
				ALWAYS_SEARCH_USER_PATHS = NO;
				ARCHS = "$(ARCHS_STANDARD_INCLUDING_64_BIT)";
				CLANG_CXX_LANGUAGE_STANDARD = "gnu++0x";
				CLANG_CXX_LIBRARY = "libc++";
				CLANG_ENABLE_MODULES = YES;
				CLANG_ENABLE_OBJC_ARC = YES;
				CLANG_WARN_BOOL_CONVERSION = YES;
				CLANG_WARN_CONSTANT_CONVERSION = YES;
				CLANG_WARN_DIRECT_OBJC_ISA_USAGE = YES_ERROR;
				CLANG_WARN_EMPTY_BODY = YES;
				CLANG_WARN_ENUM_CONVERSION = YES;
				CLANG_WARN_INT_CONVERSION = YES;
				CLANG_WARN_OBJC_ROOT_CLASS = YES_ERROR;
				CLANG_WARN__DUPLICATE_METHOD_MATCH = YES;
				"CODE_SIGN_IDENTITY[sdk=iphoneos*]" = "iPhone Developer";
				COPY_PHASE_STRIP = NO;
				GCC_C_LANGUAGE_STANDARD = gnu99;
				GCC_DYNAMIC_NO_PIC = NO;
				GCC_OPTIMIZATION_LEVEL = 0;
				GCC_PREPROCESSOR_DEFINITIONS = (
					"DEBUG=1",
					"$(inherited)",
				);
				GCC_SYMBOLS_PRIVATE_EXTERN = NO;
				GCC_WARN_64_TO_32_BIT_CONVERSION = YES;
				GCC_WARN_ABOUT_RETURN_TYPE = YES_ERROR;
				GCC_WARN_UNDECLARED_SELECTOR = YES;
				GCC_WARN_UNINITIALIZED_AUTOS = YES_AGGRESSIVE;
				GCC_WARN_UNUSED_FUNCTION = YES;
				GCC_WARN_UNUSED_VARIABLE = YES;
				IPHONEOS_DEPLOYMENT_TARGET = 6.0;
				ONLY_ACTIVE_ARCH = YES;
				SDKROOT = iphoneos6.0;
				TARGETED_DEVICE_FAMILY = "1,2";
			};
			name = Debug;
		};
		04300B97187C520F00499DC9 /* Release */ = {
			isa = XCBuildConfiguration;
			buildSettings = {
				ALWAYS_SEARCH_USER_PATHS = NO;
				ARCHS = "$(ARCHS_STANDARD_INCLUDING_64_BIT)";
				CLANG_CXX_LANGUAGE_STANDARD = "gnu++0x";
				CLANG_CXX_LIBRARY = "libc++";
				CLANG_ENABLE_MODULES = YES;
				CLANG_ENABLE_OBJC_ARC = YES;
				CLANG_WARN_BOOL_CONVERSION = YES;
				CLANG_WARN_CONSTANT_CONVERSION = YES;
				CLANG_WARN_DIRECT_OBJC_ISA_USAGE = YES_ERROR;
				CLANG_WARN_EMPTY_BODY = YES;
				CLANG_WARN_ENUM_CONVERSION = YES;
				CLANG_WARN_INT_CONVERSION = YES;
				CLANG_WARN_OBJC_ROOT_CLASS = YES_ERROR;
				CLANG_WARN__DUPLICATE_METHOD_MATCH = YES;
				"CODE_SIGN_IDENTITY[sdk=iphoneos*]" = "iPhone Developer";
				COPY_PHASE_STRIP = YES;
				ENABLE_NS_ASSERTIONS = NO;
				GCC_C_LANGUAGE_STANDARD = gnu99;
				GCC_WARN_64_TO_32_BIT_CONVERSION = YES;
				GCC_WARN_ABOUT_RETURN_TYPE = YES_ERROR;
				GCC_WARN_UNDECLARED_SELECTOR = YES;
				GCC_WARN_UNINITIALIZED_AUTOS = YES_AGGRESSIVE;
				GCC_WARN_UNUSED_FUNCTION = YES;
				GCC_WARN_UNUSED_VARIABLE = YES;
				IPHONEOS_DEPLOYMENT_TARGET = 6.0;
				SDKROOT = iphoneos6.0;
				TARGETED_DEVICE_FAMILY = "1,2";
				VALIDATE_PRODUCT = YES;
			};
			name = Release;
		};
		04300B99187C520F00499DC9 /* Debug */ = {
			isa = XCBuildConfiguration;
			baseConfigurationReference = BE6B40AC7DB44AF6B6379E36 /* Pods.xcconfig */;
			buildSettings = {
				ASSETCATALOG_COMPILER_APPICON_NAME = AppIcon;
				ASSETCATALOG_COMPILER_LAUNCHIMAGE_NAME = LaunchImage;
				CODE_SIGN_IDENTITY = "iPhone Developer";
				"CODE_SIGN_IDENTITY[sdk=iphoneos*]" = "iPhone Developer: Tomasz Kuzma (2YZA5ZSYLF)";
				GCC_PRECOMPILE_PREFIX_HEADER = YES;
				GCC_PREFIX_HEADER = "Paczkomaty/Paczkomaty-Prefix.pch";
				INFOPLIST_FILE = "Paczkomaty/Paczkomaty-Info.plist";
				IPHONEOS_DEPLOYMENT_TARGET = 6.0;
				PRODUCT_NAME = "$(TARGET_NAME)";
				PROVISIONING_PROFILE = "9EA92E18-CCDE-4610-90D3-21DB2E06A668";
				SDKROOT = iphoneos;
				WRAPPER_EXTENSION = app;
			};
			name = Debug;
		};
		04300B9A187C520F00499DC9 /* Release */ = {
			isa = XCBuildConfiguration;
			baseConfigurationReference = BE6B40AC7DB44AF6B6379E36 /* Pods.xcconfig */;
			buildSettings = {
				ASSETCATALOG_COMPILER_APPICON_NAME = AppIcon;
				ASSETCATALOG_COMPILER_LAUNCHIMAGE_NAME = LaunchImage;
				CODE_SIGN_IDENTITY = "iPhone Developer";
				"CODE_SIGN_IDENTITY[sdk=iphoneos*]" = "iPhone Developer: Tomasz Kuzma (2YZA5ZSYLF)";
				GCC_PRECOMPILE_PREFIX_HEADER = YES;
				GCC_PREFIX_HEADER = "Paczkomaty/Paczkomaty-Prefix.pch";
				INFOPLIST_FILE = "Paczkomaty/Paczkomaty-Info.plist";
				IPHONEOS_DEPLOYMENT_TARGET = 6.0;
				PRODUCT_NAME = "$(TARGET_NAME)";
				PROVISIONING_PROFILE = "9EA92E18-CCDE-4610-90D3-21DB2E06A668";
				SDKROOT = iphoneos;
				WRAPPER_EXTENSION = app;
			};
			name = Release;
		};
		04300B9C187C520F00499DC9 /* Debug */ = {
			isa = XCBuildConfiguration;
			buildSettings = {
				ARCHS = "$(ARCHS_STANDARD_INCLUDING_64_BIT)";
				BUNDLE_LOADER = "$(BUILT_PRODUCTS_DIR)/Paczkomaty.app/Paczkomaty";
				FRAMEWORK_SEARCH_PATHS = (
					"$(SDKROOT)/Developer/Library/Frameworks",
					"$(inherited)",
					"$(DEVELOPER_FRAMEWORKS_DIR)",
				);
				GCC_PRECOMPILE_PREFIX_HEADER = YES;
				GCC_PREFIX_HEADER = "Paczkomaty/Paczkomaty-Prefix.pch";
				GCC_PREPROCESSOR_DEFINITIONS = (
					"DEBUG=1",
					"$(inherited)",
				);
				INFOPLIST_FILE = "PaczkomatyTests/PaczkomatyTests-Info.plist";
				IPHONEOS_DEPLOYMENT_TARGET = 6.0;
				PRODUCT_NAME = "$(TARGET_NAME)";
				SDKROOT = iphoneos7.0;
				TEST_HOST = "$(BUNDLE_LOADER)";
				WRAPPER_EXTENSION = xctest;
			};
			name = Debug;
		};
		04300B9D187C520F00499DC9 /* Release */ = {
			isa = XCBuildConfiguration;
			buildSettings = {
				ARCHS = "$(ARCHS_STANDARD_INCLUDING_64_BIT)";
				BUNDLE_LOADER = "$(BUILT_PRODUCTS_DIR)/Paczkomaty.app/Paczkomaty";
				FRAMEWORK_SEARCH_PATHS = (
					"$(SDKROOT)/Developer/Library/Frameworks",
					"$(inherited)",
					"$(DEVELOPER_FRAMEWORKS_DIR)",
				);
				GCC_PRECOMPILE_PREFIX_HEADER = YES;
				GCC_PREFIX_HEADER = "Paczkomaty/Paczkomaty-Prefix.pch";
				INFOPLIST_FILE = "PaczkomatyTests/PaczkomatyTests-Info.plist";
				IPHONEOS_DEPLOYMENT_TARGET = 6.0;
				PRODUCT_NAME = "$(TARGET_NAME)";
				SDKROOT = iphoneos7.0;
				TEST_HOST = "$(BUNDLE_LOADER)";
				WRAPPER_EXTENSION = xctest;
			};
			name = Release;
		};
/* End XCBuildConfiguration section */

/* Begin XCConfigurationList section */
		04300B5E187C520E00499DC9 /* Build configuration list for PBXProject "Paczkomaty" */ = {
			isa = XCConfigurationList;
			buildConfigurations = (
				04300B96187C520F00499DC9 /* Debug */,
				04300B97187C520F00499DC9 /* Release */,
			);
			defaultConfigurationIsVisible = 0;
			defaultConfigurationName = Release;
		};
		04300B98187C520F00499DC9 /* Build configuration list for PBXNativeTarget "Paczkomaty" */ = {
			isa = XCConfigurationList;
			buildConfigurations = (
				04300B99187C520F00499DC9 /* Debug */,
				04300B9A187C520F00499DC9 /* Release */,
			);
			defaultConfigurationIsVisible = 0;
			defaultConfigurationName = Release;
		};
		04300B9B187C520F00499DC9 /* Build configuration list for PBXNativeTarget "PaczkomatyTests" */ = {
			isa = XCConfigurationList;
			buildConfigurations = (
				04300B9C187C520F00499DC9 /* Debug */,
				04300B9D187C520F00499DC9 /* Release */,
			);
			defaultConfigurationIsVisible = 0;
			defaultConfigurationName = Release;
		};
/* End XCConfigurationList section */
	};
	rootObject = 04300B5B187C520E00499DC9 /* Project object */;
}
